
Microsoft Visual Studio Solution File, Format Version 12.00
# Visual Studio Version 16
VisualStudioVersion = 16.0.30717.126
MinimumVisualStudioVersion = 10.0.40219.1
Project("{9A19103F-16F7-4668-BE54-9A1E7A4F7556}") = "SelfSignedCertificateGenerator", "SelfSignedCertificateGenerator\SelfSignedCertificateGenerator.csproj", "{192AD6A0-9583-43E9-8440-8064BFB30B9D}"
EndProject
Project("{FAE04EC0-301F-11D3-BF4B-00C04F79EFBC}") = "TestApplicationHttp", "TestApplicationHttp\TestApplicationHttp.csproj", "{67355430-4A74-49F6-9040-FDC6F3DBC1EF}"
EndProject
Project("{FAE04EC0-301F-11D3-BF4B-00C04F79EFBC}") = "TestApplicationHttps", "TestApplicationHttps\TestApplicationHttps.csproj", "{98656E19-8C7A-431E-BF08-1E4FB603CC3D}"
EndProject
Global
	GlobalSection(SolutionConfigurationPlatforms) = preSolution
		Debug|Any CPU = Debug|Any CPU
		Release|Any CPU = Release|Any CPU
	EndGlobalSection
	GlobalSection(ProjectConfigurationPlatforms) = postSolution
		{192AD6A0-9583-43E9-8440-8064BFB30B9D}.Debug|Any CPU.ActiveCfg = Debug|Any CPU
		{192AD6A0-9583-43E9-8440-8064BFB30B9D}.Debug|Any CPU.Build.0 = Debug|Any CPU
		{192AD6A0-9583-43E9-8440-8064BFB30B9D}.Release|Any CPU.ActiveCfg = Release|Any CPU
		{192AD6A0-9583-43E9-8440-8064BFB30B9D}.Release|Any CPU.Build.0 = Release|Any CPU
		{67355430-4A74-49F6-9040-FDC6F3DBC1EF}.Debug|Any CPU.ActiveCfg = Debug|Any CPU
		{67355430-4A74-49F6-9040-FDC6F3DBC1EF}.Debug|Any CPU.Build.0 = Debug|Any CPU
		{67355430-4A74-49F6-9040-FDC6F3DBC1EF}.Release|Any CPU.ActiveCfg = Release|Any CPU
		{67355430-4A74-49F6-9040-FDC6F3DBC1EF}.Release|Any CPU.Build.0 = Release|Any CPU
		{98656E19-8C7A-431E-BF08-1E4FB603CC3D}.Debug|Any CPU.ActiveCfg = Debug|Any CPU
		{98656E19-8C7A-431E-BF08-1E4FB603CC3D}.Debug|Any CPU.Build.0 = Debug|Any CPU
		{98656E19-8C7A-431E-BF08-1E4FB603CC3D}.Release|Any CPU.ActiveCfg = Release|Any CPU
		{98656E19-8C7A-431E-BF08-1E4FB603CC3D}.Release|Any CPU.Build.0 = Release|Any CPU
	EndGlobalSection
	GlobalSection(SolutionProperties) = preSolution
		HideSolutionNode = FALSE
	EndGlobalSection
	GlobalSection(ExtensibilityGlobals) = postSolution
		SolutionGuid = {928BBE47-2710-411A-BC97-D16AF809DD1D}
	EndGlobalSection
EndGlobal
